
Microsoft Visual Studio Solution File, Format Version 12.00
# Visual Studio Version 16
VisualStudioVersion = 16.0.29519.87
MinimumVisualStudioVersion = 10.0.40219.1
Project("{FAE04EC0-301F-11D3-BF4B-00C04F79EFBC}") = "GUI", "GUI\GUI.csproj", "{0764B674-7C23-4DB1-9AD4-A692225E0421}"
EndProject
Global
	GlobalSection(SolutionConfigurationPlatforms) = preSolution
		Debug|Any CPU = Debug|Any CPU
		Debug|x64 = Debug|x64
		Release|Any CPU = Release|Any CPU
		Release|x64 = Release|x64
	EndGlobalSection
	GlobalSection(ProjectConfigurationPlatforms) = postSolution
		{0764B674-7C23-4DB1-9AD4-A692225E0421}.Debug|Any CPU.ActiveCfg = Debug|Any CPU
		{0764B674-7C23-4DB1-9AD4-A692225E0421}.Debug|Any CPU.Build.0 = Debug|Any CPU
		{0764B674-7C23-4DB1-9AD4-A692225E0421}.Debug|x64.ActiveCfg = Debug|x64
		{0764B674-7C23-4DB1-9AD4-A692225E0421}.Debug|x64.Build.0 = Debug|x64
		{0764B674-7C23-4DB1-9AD4-A692225E0421}.Release|Any CPU.ActiveCfg = Release|Any CPU
		{0764B674-7C23-4DB1-9AD4-A692225E0421}.Release|Any CPU.Build.0 = Release|Any CPU
		{0764B674-7C23-4DB1-9AD4-A692225E0421}.Release|x64.ActiveCfg = Release|x64
		{0764B674-7C23-4DB1-9AD4-A692225E0421}.Release|x64.Build.0 = Release|x64
	EndGlobalSection
	GlobalSection(SolutionProperties) = preSolution
		HideSolutionNode = FALSE
	EndGlobalSection
	GlobalSection(ExtensibilityGlobals) = postSolution
		SolutionGuid = {08BD4BA7-FFC0-4771-82F6-FB5939A87100}
	EndGlobalSection
EndGlobal
